{
  "version": "3",
  "packages": {
    "specifiers": {
      "jsr:@cliffy/command@1.0.0-rc.4": "jsr:@cliffy/command@1.0.0-rc.4",
      "jsr:@cliffy/flags@1.0.0-rc.4": "jsr:@cliffy/flags@1.0.0-rc.4",
      "jsr:@cliffy/table@1.0.0-rc.4": "jsr:@cliffy/table@1.0.0-rc.4",
      "jsr:@nfnitloop/deno-embedder": "jsr:@nfnitloop/deno-embedder@1.3.1",
      "jsr:@nfnitloop/deno-embedder@1.3.1": "jsr:@nfnitloop/deno-embedder@1.3.1",
      "jsr:@pomdtr/val-town-heynote@0.0.3": "jsr:@pomdtr/val-town-heynote@0.0.3",
      "jsr:@std/assert@^0.196.0": "jsr:@std/assert@0.196.0",
      "jsr:@std/assert@^0.221.0": "jsr:@std/assert@0.221.0",
      "jsr:@std/assert@^0.225.0": "jsr:@std/assert@0.225.3",
      "jsr:@std/assert@^0.226.0": "jsr:@std/assert@0.226.0",
      "jsr:@std/async@0.196.0": "jsr:@std/async@0.196.0",
      "jsr:@std/console@0.221": "jsr:@std/console@0.221.0",
      "jsr:@std/encoding@0.224.0": "jsr:@std/encoding@0.224.0",
      "jsr:@std/fmt@0.221": "jsr:@std/fmt@0.221.0",
      "jsr:@std/fs@0.229.0": "jsr:@std/fs@0.229.0",
      "jsr:@std/path@0.225.0": "jsr:@std/path@0.225.0",
      "jsr:@std/path@0.225.2": "jsr:@std/path@0.225.2",
      "jsr:@std/path@^0.225.0": "jsr:@std/path@0.225.2",
      "jsr:@std/text@0.221": "jsr:@std/text@0.221.0",
      "npm:mime": "npm:mime@4.0.3",
      "npm:mime@^4.0.3": "npm:mime@4.0.3"
    },
    "jsr": {
      "@cliffy/command@1.0.0-rc.4": {
        "integrity": "709884ffe0f53ce3edafa92b58223634397878fbf6dcabe0c74ea0108273b9f7",
        "dependencies": [
          "jsr:@cliffy/flags@1.0.0-rc.4",
          "jsr:@cliffy/table@1.0.0-rc.4",
          "jsr:@std/fmt@0.221",
          "jsr:@std/text@0.221"
        ]
      },
      "@cliffy/flags@1.0.0-rc.4": {
        "integrity": "29f370ade4ddf6e150a4d25fc44661234c19870ffcf7fb07cd100f1843fcd6e1"
      },
      "@cliffy/table@1.0.0-rc.4": {
        "integrity": "990e4e0b3910e6c9cf7a5b4318b8f5e121cf681494c94fd113febb9b4d4c0741",
        "dependencies": [
          "jsr:@std/console@0.221"
        ]
      },
      "@nfnitloop/deno-embedder@1.3.1": {
        "integrity": "98595bd887b0935be7aa8339855ff827514f5b285d3f54f34457b4d3008e2499",
        "dependencies": [
          "jsr:@cliffy/command@1.0.0-rc.4",
          "jsr:@std/async@0.196.0",
          "jsr:@std/encoding@0.224.0",
          "jsr:@std/fs@0.229.0",
          "jsr:@std/path@0.225.0"
        ]
      },
      "@pomdtr/val-town-heynote@0.0.3": {
        "integrity": "9cae8e40bc6ef4be4aeb15a60ab13ac5e48aef59c2b5490365308907393742e7"
      },
      "@std/assert@0.196.0": {
        "integrity": "ede8c09c2bb176dc9356c04d2548412e492a58dcf73aad0965695a4d8336f66b"
      },
      "@std/assert@0.221.0": {
        "integrity": "a5f1aa6e7909dbea271754fd4ab3f4e687aeff4873b4cef9a320af813adb489a"
      },
      "@std/assert@0.225.3": {
        "integrity": "b3c2847aecf6955b50644cdb9cf072004ea3d1998dd7579fc0acb99dbb23bd4f"
      },
      "@std/assert@0.226.0": {
        "integrity": "0dfb5f7c7723c18cec118e080fec76ce15b4c31154b15ad2bd74822603ef75b3"
      },
      "@std/async@0.196.0": {
        "integrity": "bd572776dfdf94bcbe00ceea1263e06f0c0060ff258f8a5cf644c5b43992755a",
        "dependencies": [
          "jsr:@std/assert@^0.196.0"
        ]
      },
      "@std/console@0.221.0": {
        "integrity": "8f2afc1f3f14f5d6039c0c767f057e4aa1897d2210e167c4667cb155cafb9d11"
      },
      "@std/encoding@0.224.0": {
        "integrity": "efb6dca97d3e9c31392bd5c8cfd9f9fc9decf5a1f4d1f78af7900a493bcf89b5"
      },
      "@std/fmt@0.221.0": {
        "integrity": "379fed69bdd9731110f26b9085aeb740606b20428ce6af31ef6bd45ef8efa62a"
      },
      "@std/fs@0.229.0": {
        "integrity": "c353340334dd25b879c4e6e72371b2664da2bd41b633b5837c7249c04d90903d",
        "dependencies": [
          "jsr:@std/assert@^0.225.0",
          "jsr:@std/path@^0.225.0"
        ]
      },
      "@std/path@0.225.0": {
        "integrity": "044ed8d9ca76fa997ff1d30d48fc7756b4389bf6ce1ff9710633a2d174343bb3",
        "dependencies": [
          "jsr:@std/assert@^0.225.0"
        ]
      },
      "@std/path@0.225.2": {
        "integrity": "0f2db41d36b50ef048dcb0399aac720a5348638dd3cb5bf80685bf2a745aa506",
        "dependencies": [
          "jsr:@std/assert@^0.226.0"
        ]
      },
      "@std/text@0.221.0": {
        "integrity": "a2f89ceb0d8851cd33e6774064621a1da9fbc36578cf4f02c5b5bcd7e8c84b67",
        "dependencies": [
          "jsr:@std/assert@^0.221.0"
        ]
      }
    },
    "npm": {
      "mime@4.0.3": {
        "integrity": "sha512-KgUb15Oorc0NEKPbvfa0wRU+PItIEZmiv+pyAO2i0oTIVTJhlzMclU7w4RXWQrSOVH5ax/p/CkIO7KI4OyFJTQ==",
        "dependencies": {}
      }
    }
  },
  "remote": {
    "https://raw.githubusercontent.com/pomdtr/val-town-heynote/main/embed/static/about.html_.ts": "0c0dd85576d7b4ef1f8e56848266fd02f1674e120b9da3344c5eb33a4d21d5cb",
    "https://raw.githubusercontent.com/pomdtr/val-town-heynote/main/embed/static/assets/OpenSans-Bold-7d7a1a8e.woff_.ts": "222321e5c62f6d72a6f2c5dc86fe473c89fbf0f22d88831d436480b88cf046f9",
    "https://raw.githubusercontent.com/pomdtr/val-town-heynote/main/embed/static/assets/OpenSans-Bold-c1c24d6a.woff2_.ts": "44270edca9ba5d8a4550b5439499bfd022003fc7747a341a20fe702b539259fa",
    "https://raw.githubusercontent.com/pomdtr/val-town-heynote/main/embed/static/assets/OpenSans-BoldItalic-0b52996a.woff2_.ts": "59370ffd499d4d3dc62a19b50b732985e1f4ff13c109c09e7f76b352ca4c673d",
    "https://raw.githubusercontent.com/pomdtr/val-town-heynote/main/embed/static/assets/OpenSans-BoldItalic-5dfe822d.woff_.ts": "f189d7b564a40c3bfa4270fd5b010dc3eec427010656dba6e31804e735508362",
    "https://raw.githubusercontent.com/pomdtr/val-town-heynote/main/embed/static/assets/OpenSans-ExtraBold-147410cf.woff_.ts": "698a94a6a701a376695b4fc7f5b03a094392513173b23ba85af86837d183a6a6",
    "https://raw.githubusercontent.com/pomdtr/val-town-heynote/main/embed/static/assets/OpenSans-ExtraBold-8f047879.woff2_.ts": "dc7da639dd3bd9eb0caddec3c93397eb85db2d048f4cbc25ddfb0e9fd45a7ac3",
    "https://raw.githubusercontent.com/pomdtr/val-town-heynote/main/embed/static/assets/OpenSans-ExtraBoldItalic-9056c854.woff2_.ts": "74ea0cc52783d0b8cc006ecc57dd462ce957250412847206db4f7f28c490acdf",
    "https://raw.githubusercontent.com/pomdtr/val-town-heynote/main/embed/static/assets/OpenSans-ExtraBoldItalic-cf904ee5.woff_.ts": "269ea4cc9983fe41f5e35628e64487b9e151a03468098e1695615d1c6dd6a856",
    "https://raw.githubusercontent.com/pomdtr/val-town-heynote/main/embed/static/assets/OpenSans-Italic-0163d9a5.woff2_.ts": "202669da53906b55d39d84b3812b617f5f32824c7d41eecb41552e7f1898cd03",
    "https://raw.githubusercontent.com/pomdtr/val-town-heynote/main/embed/static/assets/OpenSans-Italic-175b3625.woff_.ts": "df2da6cb71a39eb3a9ba7b65de7e2c32baf12c911abd1f78ce9fad7e64eaa841",
    "https://raw.githubusercontent.com/pomdtr/val-town-heynote/main/embed/static/assets/OpenSans-Light-1e2ca939.woff2_.ts": "f21242e72411f448c9d3f32810fa4e071b41380472af09747b1f13a682837e91",
    "https://raw.githubusercontent.com/pomdtr/val-town-heynote/main/embed/static/assets/OpenSans-Light-8560f9bd.woff_.ts": "3fb0a1ead66eb3598d138b312cc7408e9e3cdce59581b1d3bae32f59578149f1",
    "https://raw.githubusercontent.com/pomdtr/val-town-heynote/main/embed/static/assets/OpenSans-LightItalic-889a4041.woff_.ts": "405076cc075dfc9d81a3ecc08d1decaf7514930866c18a54cb587e4ae8944769",
    "https://raw.githubusercontent.com/pomdtr/val-town-heynote/main/embed/static/assets/OpenSans-LightItalic-99cb6525.woff2_.ts": "d64eba8761ea7b928741801b27ae9a3e87f201835bf5d411f4f94e9f1f5b3ce8",
    "https://raw.githubusercontent.com/pomdtr/val-town-heynote/main/embed/static/assets/OpenSans-Regular-2e158738.woff_.ts": "188a5ad379c83b01313cb5ffda51281b192c131544e6ae17f6ebdb125b08aa23",
    "https://raw.githubusercontent.com/pomdtr/val-town-heynote/main/embed/static/assets/OpenSans-Regular-4c1c2e95.woff2_.ts": "cff8f2901f861114c8bdb279249877dcd4f3e454777658914809946e60ba61f9",
    "https://raw.githubusercontent.com/pomdtr/val-town-heynote/main/embed/static/assets/OpenSans-Semibold-b0390aa3.woff_.ts": "1081b823f6142ec1c5826e13c7dd1ecdd1855211310aa1b58dbc540e64ebf67a",
    "https://raw.githubusercontent.com/pomdtr/val-town-heynote/main/embed/static/assets/OpenSans-Semibold-df0231af.woff2_.ts": "b3be21ee55dfaf1f7cce9ddb5fa0d22fbc9171ecb5a3623b4ecf672dcc1d7716",
    "https://raw.githubusercontent.com/pomdtr/val-town-heynote/main/embed/static/assets/OpenSans-SemiboldItalic-0c084b2e.woff2_.ts": "fddf90abff84785b2075fc686bd595ca722bbf1c790bc7efb6995c882a240c84",
    "https://raw.githubusercontent.com/pomdtr/val-town-heynote/main/embed/static/assets/OpenSans-SemiboldItalic-4d838c5a.woff_.ts": "ed93858fe68be094e2c403d7b8ea1a871d6bf69f81f7297b98bebf452e6720e6",
    "https://raw.githubusercontent.com/pomdtr/val-town-heynote/main/embed/static/assets/download-b61c4849.svg_.ts": "e1062f168b689496d258d539627f731d38bffa7e7f292ea47cc99e33267349dd",
    "https://raw.githubusercontent.com/pomdtr/val-town-heynote/main/embed/static/assets/format-7074aa2f.svg_.ts": "86b259dec39252c2183496fd1938d73d5b89eaed70f86f7a5add56ddd6a31bef",
    "https://raw.githubusercontent.com/pomdtr/val-town-heynote/main/embed/static/assets/hack-bold-ab630a4e.woff_.ts": "78d8e866fb5345e539e142e6f02bfc8f600bc3c19ec45030921bb43cf6d995bb",
    "https://raw.githubusercontent.com/pomdtr/val-town-heynote/main/embed/static/assets/hack-bold-d5a65190.woff2_.ts": "96f3dc25fdab62926f70b4450dfc505b00ca31b10df2199fa5948fdcc2dbe2ef",
    "https://raw.githubusercontent.com/pomdtr/val-town-heynote/main/embed/static/assets/hack-bolditalic-d2ebacee.woff_.ts": "6be2cb2d08a2095d7a09ee818498d932f942abad6778359295733a62dcd771cd",
    "https://raw.githubusercontent.com/pomdtr/val-town-heynote/main/embed/static/assets/hack-bolditalic-d6e798ca.woff2_.ts": "c8770d384bde5420b068b3593310b109adcb271324906c58dd7c1cb088697179",
    "https://raw.githubusercontent.com/pomdtr/val-town-heynote/main/embed/static/assets/hack-italic-7783d8ec.woff_.ts": "d0d4d5af80471aa78a72b5dfe8692a0c15bb40c75bd62f2cbf01c9de0093882c",
    "https://raw.githubusercontent.com/pomdtr/val-town-heynote/main/embed/static/assets/hack-italic-97f12dc5.woff2_.ts": "2865eb0e03f7646678a0eab85831a0fa0ba51ce1a1d342016a86c00c5e967c61",
    "https://raw.githubusercontent.com/pomdtr/val-town-heynote/main/embed/static/assets/hack-regular-0b0ef254.woff2_.ts": "5b60af06f137f3d098981a11b01bc16abf6ecc195babb718c81eb836901b1522",
    "https://raw.githubusercontent.com/pomdtr/val-town-heynote/main/embed/static/assets/hack-regular-89c2afca.woff_.ts": "9174d78ca3751f3d7ae7a47c28e317265e24115aacafeaaa3f27aac16fcd0354",
    "https://raw.githubusercontent.com/pomdtr/val-town-heynote/main/embed/static/assets/index-2601a66c.css_.ts": "55fd8088f67d10108a0b9490a553529f75886f09e96c3bed7f7c72686b2ec6c4",
    "https://raw.githubusercontent.com/pomdtr/val-town-heynote/main/embed/static/assets/index-ce285f0c.js_.ts": "3fc9029486e816198ea5898cce6365267bb83c3fa678f7d25cfb60da67b8c560",
    "https://raw.githubusercontent.com/pomdtr/val-town-heynote/main/embed/static/assets/settings-8b0b175a.svg_.ts": "b4ef137028e3f2d2aa36c67844566ef02b234d99f9fb0297aca7dc7d49d5d2d2",
    "https://raw.githubusercontent.com/pomdtr/val-town-heynote/main/embed/static/assets/update-98491067.svg_.ts": "3524e5eeb2ce38767aebb440619faa0ad2593134234f21863e73fa22f1f72cf1",
    "https://raw.githubusercontent.com/pomdtr/val-town-heynote/main/embed/static/dir.ts": "12d55e0384801309ffcc5c08bdfeb425973559eee218118c63dd556a8e454974",
    "https://raw.githubusercontent.com/pomdtr/val-town-heynote/main/embed/static/favicon-linux.png_.ts": "c6c47675b6d7c0718f7857159a7b642369f1b33ce85e974483e3d58cbd2381ed",
    "https://raw.githubusercontent.com/pomdtr/val-town-heynote/main/embed/static/favicon.ico_.ts": "2b62ee136258aaa7159a41fe11bcd163364778e6056a7f243ad900bdd8306ea5",
    "https://raw.githubusercontent.com/pomdtr/val-town-heynote/main/embed/static/guesslang.min.js_.ts": "b72384c1bcfeac23a95a8925d4f0b9a2b6ccd28ccd3250c22c6d6001afb302c2",
    "https://raw.githubusercontent.com/pomdtr/val-town-heynote/main/embed/static/icon.ico_.ts": "dc380a98b0e9c3fd92bf98b91bd6d1bf36e8eeb3b000d0e38d5eb3383b917130",
    "https://raw.githubusercontent.com/pomdtr/val-town-heynote/main/embed/static/icon.png_.ts": "6b6f15dd05e14a999049d0531b491d329973939fe4f3a077c8f851cde64c1b79",
    "https://raw.githubusercontent.com/pomdtr/val-town-heynote/main/embed/static/iconTemplate.png_.ts": "9f9570b0345d4b60f212108578fb3037cd89e2433e247480dd7d1f7f5cbcd260",
    "https://raw.githubusercontent.com/pomdtr/val-town-heynote/main/embed/static/iconTemplate@2x.png_.ts": "2b7dd3a330246d079601d9a27905864bc950f7fe80ad833481d553f57cef874d",
    "https://raw.githubusercontent.com/pomdtr/val-town-heynote/main/embed/static/index.html_.ts": "7915dcdab08a93c50f4f63ddc5a5f9a3d5106d90e21a1d36a7188717cd488904",
    "https://raw.githubusercontent.com/pomdtr/val-town-heynote/main/embed/static/langdetect-worker.js_.ts": "bbabbf19a75641cd4c11d26cb5dddb71af8915814e7de7479033786d9c1b989d",
    "https://raw.githubusercontent.com/pomdtr/val-town-heynote/main/embed/static/math.js_.ts": "c5e524371e9ba59ecaeb844cb7485f309526e8a2a2f353b65b2112fde89c4dd7",
    "https://raw.githubusercontent.com/pomdtr/val-town-heynote/main/embed/static/site.webmanifest_.ts": "2eba4432e6c811c017cac3bae6b3b9b8661ccceace8ba1e08a3d254fd3763abb",
    "https://raw.githubusercontent.com/pomdtr/val-town-heynote/main/main.ts": "0cf2f27dd8f5bc64d5dba53b5f8350440a085afd117fe47fc8a0bcb3ba3bfa00",
    "https://raw.githubusercontent.com/pomdtr/val-town-heynote/main/mod.ts": "8a65fa9f6d9a17c724e406a7eb47bff3b6ada5f06c2e0c4da978516a18d6a5f5"
  },
  "workspace": {
    "dependencies": [
      "npm:mime@^4.0.3"
    ]
  }
}
